
Microsoft Visual Studio Solution File, Format Version 12.00
# Visual Studio Version 17
VisualStudioVersion = 17.5.002.0
MinimumVisualStudioVersion = 10.0.40219.1
Project("{9A19103F-16F7-4668-BE54-9A1E7A4F7556}") = "ResistorColor", "ResistorColor.csproj", "{164244CA-7ADF-4C5A-9D25-B3ED042DADDB}"
EndProject
Global
	GlobalSection(SolutionConfigurationPlatforms) = preSolution
		Debug|Any CPU = Debug|Any CPU
		Release|Any CPU = Release|Any CPU
	EndGlobalSection
	GlobalSection(ProjectConfigurationPlatforms) = postSolution
		{164244CA-7ADF-4C5A-9D25-B3ED042DADDB}.Debug|Any CPU.ActiveCfg = Debug|Any CPU
		{164244CA-7ADF-4C5A-9D25-B3ED042DADDB}.Debug|Any CPU.Build.0 = Debug|Any CPU
		{164244CA-7ADF-4C5A-9D25-B3ED042DADDB}.Release|Any CPU.ActiveCfg = Release|Any CPU
		{164244CA-7ADF-4C5A-9D25-B3ED042DADDB}.Release|Any CPU.Build.0 = Release|Any CPU
	EndGlobalSection
	GlobalSection(SolutionProperties) = preSolution
		HideSolutionNode = FALSE
	EndGlobalSection
	GlobalSection(ExtensibilityGlobals) = postSolution
		SolutionGuid = {2402C437-E36C-4C85-8E2D-42A19689762A}
	EndGlobalSection
EndGlobal
