
Microsoft Visual Studio Solution File, Format Version 12.00
# Visual Studio Version 17
VisualStudioVersion = 17.5.002.0
MinimumVisualStudioVersion = 10.0.40219.1
Project("{9A19103F-16F7-4668-BE54-9A1E7A4F7556}") = "Allergies", "Allergies.csproj", "{07E056A5-E532-49F0-932D-69D0B58F9686}"
EndProject
Global
	GlobalSection(SolutionConfigurationPlatforms) = preSolution
		Debug|Any CPU = Debug|Any CPU
		Release|Any CPU = Release|Any CPU
	EndGlobalSection
	GlobalSection(ProjectConfigurationPlatforms) = postSolution
		{07E056A5-E532-49F0-932D-69D0B58F9686}.Debug|Any CPU.ActiveCfg = Debug|Any CPU
		{07E056A5-E532-49F0-932D-69D0B58F9686}.Debug|Any CPU.Build.0 = Debug|Any CPU
		{07E056A5-E532-49F0-932D-69D0B58F9686}.Release|Any CPU.ActiveCfg = Release|Any CPU
		{07E056A5-E532-49F0-932D-69D0B58F9686}.Release|Any CPU.Build.0 = Release|Any CPU
	EndGlobalSection
	GlobalSection(SolutionProperties) = preSolution
		HideSolutionNode = FALSE
	EndGlobalSection
	GlobalSection(ExtensibilityGlobals) = postSolution
		SolutionGuid = {C86873A9-3D0B-4D86-BB8A-7457FD2166E8}
	EndGlobalSection
EndGlobal
