
Microsoft Visual Studio Solution File, Format Version 12.00
# Visual Studio Version 17
VisualStudioVersion = 17.5.002.0
MinimumVisualStudioVersion = 10.0.40219.1
Project("{9A19103F-16F7-4668-BE54-9A1E7A4F7556}") = "RedVsBlueDarwinStyle", "RedVsBlueDarwinStyle.csproj", "{72F28631-8E07-44B1-A158-51AFB9365FE4}"
EndProject
Global
	GlobalSection(SolutionConfigurationPlatforms) = preSolution
		Debug|Any CPU = Debug|Any CPU
		Release|Any CPU = Release|Any CPU
	EndGlobalSection
	GlobalSection(ProjectConfigurationPlatforms) = postSolution
		{72F28631-8E07-44B1-A158-51AFB9365FE4}.Debug|Any CPU.ActiveCfg = Debug|Any CPU
		{72F28631-8E07-44B1-A158-51AFB9365FE4}.Debug|Any CPU.Build.0 = Debug|Any CPU
		{72F28631-8E07-44B1-A158-51AFB9365FE4}.Release|Any CPU.ActiveCfg = Release|Any CPU
		{72F28631-8E07-44B1-A158-51AFB9365FE4}.Release|Any CPU.Build.0 = Release|Any CPU
	EndGlobalSection
	GlobalSection(SolutionProperties) = preSolution
		HideSolutionNode = FALSE
	EndGlobalSection
	GlobalSection(ExtensibilityGlobals) = postSolution
		SolutionGuid = {5E71BA64-9BE1-4704-968D-9FE698550D5E}
	EndGlobalSection
EndGlobal
