
Microsoft Visual Studio Solution File, Format Version 12.00
# Visual Studio Version 17
VisualStudioVersion = 17.5.002.0
MinimumVisualStudioVersion = 10.0.40219.1
Project("{9A19103F-16F7-4668-BE54-9A1E7A4F7556}") = "InternationalCallingConnoisseur", "InternationalCallingConnoisseur.csproj", "{29F85EAE-FDD2-4048-BFE1-1C41FC4FD532}"
EndProject
Global
	GlobalSection(SolutionConfigurationPlatforms) = preSolution
		Debug|Any CPU = Debug|Any CPU
		Release|Any CPU = Release|Any CPU
	EndGlobalSection
	GlobalSection(ProjectConfigurationPlatforms) = postSolution
		{29F85EAE-FDD2-4048-BFE1-1C41FC4FD532}.Debug|Any CPU.ActiveCfg = Debug|Any CPU
		{29F85EAE-FDD2-4048-BFE1-1C41FC4FD532}.Debug|Any CPU.Build.0 = Debug|Any CPU
		{29F85EAE-FDD2-4048-BFE1-1C41FC4FD532}.Release|Any CPU.ActiveCfg = Release|Any CPU
		{29F85EAE-FDD2-4048-BFE1-1C41FC4FD532}.Release|Any CPU.Build.0 = Release|Any CPU
	EndGlobalSection
	GlobalSection(SolutionProperties) = preSolution
		HideSolutionNode = FALSE
	EndGlobalSection
	GlobalSection(ExtensibilityGlobals) = postSolution
		SolutionGuid = {CB1B87E4-CE6A-4FFA-8924-00101EFF0004}
	EndGlobalSection
EndGlobal
