
Microsoft Visual Studio Solution File, Format Version 12.00
# Visual Studio Version 17
VisualStudioVersion = 17.5.002.0
MinimumVisualStudioVersion = 10.0.40219.1
Project("{9A19103F-16F7-4668-BE54-9A1E7A4F7556}") = "Faceid2", "Faceid2.csproj", "{02A4A261-9A33-4C0C-B27E-4906A2C0344A}"
EndProject
Global
	GlobalSection(SolutionConfigurationPlatforms) = preSolution
		Debug|Any CPU = Debug|Any CPU
		Release|Any CPU = Release|Any CPU
	EndGlobalSection
	GlobalSection(ProjectConfigurationPlatforms) = postSolution
		{02A4A261-9A33-4C0C-B27E-4906A2C0344A}.Debug|Any CPU.ActiveCfg = Debug|Any CPU
		{02A4A261-9A33-4C0C-B27E-4906A2C0344A}.Debug|Any CPU.Build.0 = Debug|Any CPU
		{02A4A261-9A33-4C0C-B27E-4906A2C0344A}.Release|Any CPU.ActiveCfg = Release|Any CPU
		{02A4A261-9A33-4C0C-B27E-4906A2C0344A}.Release|Any CPU.Build.0 = Release|Any CPU
	EndGlobalSection
	GlobalSection(SolutionProperties) = preSolution
		HideSolutionNode = FALSE
	EndGlobalSection
	GlobalSection(ExtensibilityGlobals) = postSolution
		SolutionGuid = {28B06F1A-7C64-4745-8A9B-A7C94BF743CA}
	EndGlobalSection
EndGlobal
